
Microsoft Visual Studio Solution File, Format Version 12.00
# Visual Studio Version 16
VisualStudioVersion = 25.0.1704.2
MinimumVisualStudioVersion = 10.0.40219.1
Project("{FAE04EC0-301F-11D3-BF4B-00C04F79EFBC}") = "PrivateFlightGreetMeTool", "PrivateFlightGreetMeTool\PrivateFlightGreetMeTool.csproj", "{40EAB993-AEDA-41F4-9BD7-EC1020FEE48F}"
EndProject
Project("{FAE04EC0-301F-11D3-BF4B-00C04F79EFBC}") = "GreetMeTool.DAL", "GREETMETOOL.DAL\GREETMETOOL.DAL.csproj", "{0A0BDF5F-BC55-497F-8CA7-77F7998FE87E}"
EndProject
Project("{FAE04EC0-301F-11D3-BF4B-00C04F79EFBC}") = "GreetMeTool.Domain", "GreetMeTool.Domain\GreetMeTool.Domain.csproj", "{7CA67126-539A-42DF-96B5-5DFD03943C65}"
EndProject
Project("{FAE04EC0-301F-11D3-BF4B-00C04F79EFBC}") = "GreetMeTool.BLL", "GreetMeTool.BLL\GreetMeTool.BLL.csproj", "{C615B3B1-8CAC-4F84-810B-EC053E006A4C}"
EndProject
Global
	GlobalSection(SolutionConfigurationPlatforms) = preSolution
		Debug|Any CPU = Debug|Any CPU
		Release|Any CPU = Release|Any CPU
	EndGlobalSection
	GlobalSection(ProjectConfigurationPlatforms) = postSolution
		{40EAB993-AEDA-41F4-9BD7-EC1020FEE48F}.Debug|Any CPU.ActiveCfg = Debug|Any CPU
		{40EAB993-AEDA-41F4-9BD7-EC1020FEE48F}.Debug|Any CPU.Build.0 = Debug|Any CPU
		{40EAB993-AEDA-41F4-9BD7-EC1020FEE48F}.Release|Any CPU.ActiveCfg = Release|Any CPU
		{40EAB993-AEDA-41F4-9BD7-EC1020FEE48F}.Release|Any CPU.Build.0 = Release|Any CPU
		{0A0BDF5F-BC55-497F-8CA7-77F7998FE87E}.Debug|Any CPU.ActiveCfg = Debug|Any CPU
		{0A0BDF5F-BC55-497F-8CA7-77F7998FE87E}.Debug|Any CPU.Build.0 = Debug|Any CPU
		{0A0BDF5F-BC55-497F-8CA7-77F7998FE87E}.Release|Any CPU.ActiveCfg = Release|Any CPU
		{0A0BDF5F-BC55-497F-8CA7-77F7998FE87E}.Release|Any CPU.Build.0 = Release|Any CPU
		{7CA67126-539A-42DF-96B5-5DFD03943C65}.Debug|Any CPU.ActiveCfg = Debug|Any CPU
		{7CA67126-539A-42DF-96B5-5DFD03943C65}.Debug|Any CPU.Build.0 = Debug|Any CPU
		{7CA67126-539A-42DF-96B5-5DFD03943C65}.Release|Any CPU.ActiveCfg = Release|Any CPU
		{7CA67126-539A-42DF-96B5-5DFD03943C65}.Release|Any CPU.Build.0 = Release|Any CPU
		{C615B3B1-8CAC-4F84-810B-EC053E006A4C}.Debug|Any CPU.ActiveCfg = Debug|Any CPU
		{C615B3B1-8CAC-4F84-810B-EC053E006A4C}.Debug|Any CPU.Build.0 = Debug|Any CPU
		{C615B3B1-8CAC-4F84-810B-EC053E006A4C}.Release|Any CPU.ActiveCfg = Release|Any CPU
		{C615B3B1-8CAC-4F84-810B-EC053E006A4C}.Release|Any CPU.Build.0 = Release|Any CPU
	EndGlobalSection
	GlobalSection(SolutionProperties) = preSolution
		HideSolutionNode = FALSE
	EndGlobalSection
	GlobalSection(ExtensibilityGlobals) = postSolution
		SolutionGuid = {5785ECD2-EF4F-4C3A-A27C-C30371FA7B2A}
	EndGlobalSection
EndGlobal
